
Microsoft Visual Studio Solution File, Format Version 12.00
# Visual Studio Version 16
VisualStudioVersion = 16.0.30128.74
MinimumVisualStudioVersion = 10.0.40219.1
Project("{FAE04EC0-301F-11D3-BF4B-00C04F79EFBC}") = "Challenge.Web", "Challenge.Web\Challenge.Web.csproj", "{8EB8F318-CBFC-4861-B6C7-F693F609093E}"
EndProject
Project("{FAE04EC0-301F-11D3-BF4B-00C04F79EFBC}") = "Challenge.Tests", "Challenge.Tests\Challenge.Tests.csproj", "{2D5B6B58-2E36-46E8-B465-E1E1BA3CC285}"
EndProject
Project("{FAE04EC0-301F-11D3-BF4B-00C04F79EFBC}") = "Challenge.Model", "Challenge.Model\Challenge.Model.csproj", "{375C6169-70DA-4F07-8A77-0D54ACC1AA2B}"
EndProject
Project("{FAE04EC0-301F-11D3-BF4B-00C04F79EFBC}") = "Challenge.Dal", "Challenge.Dal\Challenge.Dal.csproj", "{C0934FDC-1BA3-4407-A385-887D3E1B9D18}"
EndProject
Project("{FAE04EC0-301F-11D3-BF4B-00C04F79EFBC}") = "Challenge.Business", "Challenge.Business\Challenge.Business.csproj", "{0DA45831-DD0C-40F1-B36F-59D89E2F4390}"
EndProject
Project("{FAE04EC0-301F-11D3-BF4B-00C04F79EFBC}") = "Challenge.VO", "Challenge.VO\Challenge.VO.csproj", "{5D563D19-0881-42D1-8A07-760B9E58F70C}"
EndProject
Global
	GlobalSection(SolutionConfigurationPlatforms) = preSolution
		Debug|Any CPU = Debug|Any CPU
		Release|Any CPU = Release|Any CPU
	EndGlobalSection
	GlobalSection(ProjectConfigurationPlatforms) = postSolution
		{8EB8F318-CBFC-4861-B6C7-F693F609093E}.Debug|Any CPU.ActiveCfg = Debug|Any CPU
		{8EB8F318-CBFC-4861-B6C7-F693F609093E}.Debug|Any CPU.Build.0 = Debug|Any CPU
		{8EB8F318-CBFC-4861-B6C7-F693F609093E}.Release|Any CPU.ActiveCfg = Release|Any CPU
		{8EB8F318-CBFC-4861-B6C7-F693F609093E}.Release|Any CPU.Build.0 = Release|Any CPU
		{2D5B6B58-2E36-46E8-B465-E1E1BA3CC285}.Debug|Any CPU.ActiveCfg = Debug|Any CPU
		{2D5B6B58-2E36-46E8-B465-E1E1BA3CC285}.Debug|Any CPU.Build.0 = Debug|Any CPU
		{2D5B6B58-2E36-46E8-B465-E1E1BA3CC285}.Release|Any CPU.ActiveCfg = Release|Any CPU
		{2D5B6B58-2E36-46E8-B465-E1E1BA3CC285}.Release|Any CPU.Build.0 = Release|Any CPU
		{375C6169-70DA-4F07-8A77-0D54ACC1AA2B}.Debug|Any CPU.ActiveCfg = Debug|Any CPU
		{375C6169-70DA-4F07-8A77-0D54ACC1AA2B}.Debug|Any CPU.Build.0 = Debug|Any CPU
		{375C6169-70DA-4F07-8A77-0D54ACC1AA2B}.Release|Any CPU.ActiveCfg = Release|Any CPU
		{375C6169-70DA-4F07-8A77-0D54ACC1AA2B}.Release|Any CPU.Build.0 = Release|Any CPU
		{C0934FDC-1BA3-4407-A385-887D3E1B9D18}.Debug|Any CPU.ActiveCfg = Debug|Any CPU
		{C0934FDC-1BA3-4407-A385-887D3E1B9D18}.Debug|Any CPU.Build.0 = Debug|Any CPU
		{C0934FDC-1BA3-4407-A385-887D3E1B9D18}.Release|Any CPU.ActiveCfg = Release|Any CPU
		{C0934FDC-1BA3-4407-A385-887D3E1B9D18}.Release|Any CPU.Build.0 = Release|Any CPU
		{0DA45831-DD0C-40F1-B36F-59D89E2F4390}.Debug|Any CPU.ActiveCfg = Debug|Any CPU
		{0DA45831-DD0C-40F1-B36F-59D89E2F4390}.Debug|Any CPU.Build.0 = Debug|Any CPU
		{0DA45831-DD0C-40F1-B36F-59D89E2F4390}.Release|Any CPU.ActiveCfg = Release|Any CPU
		{0DA45831-DD0C-40F1-B36F-59D89E2F4390}.Release|Any CPU.Build.0 = Release|Any CPU
		{5D563D19-0881-42D1-8A07-760B9E58F70C}.Debug|Any CPU.ActiveCfg = Debug|Any CPU
		{5D563D19-0881-42D1-8A07-760B9E58F70C}.Debug|Any CPU.Build.0 = Debug|Any CPU
		{5D563D19-0881-42D1-8A07-760B9E58F70C}.Release|Any CPU.ActiveCfg = Release|Any CPU
		{5D563D19-0881-42D1-8A07-760B9E58F70C}.Release|Any CPU.Build.0 = Release|Any CPU
	EndGlobalSection
	GlobalSection(SolutionProperties) = preSolution
		HideSolutionNode = FALSE
	EndGlobalSection
	GlobalSection(ExtensibilityGlobals) = postSolution
		SolutionGuid = {0B2DF5EA-2DDE-4660-B528-B6F7E18641C1}
	EndGlobalSection
EndGlobal
